
Microsoft Visual Studio Solution File, Format Version 12.00
# Visual Studio Version 17
VisualStudioVersion = 17.4.33110.190
MinimumVisualStudioVersion = 10.0.40219.1
Project("{9A19103F-16F7-4668-BE54-9A1E7A4F7556}") = "BulkyWeb", "BulkyWeb\BulkyWeb.csproj", "{42D5249B-9BD4-460A-B385-F8254257BA49}"
EndProject
Project("{FAE04EC0-301F-11D3-BF4B-00C04F79EFBC}") = "BulkyWebRazor_Temp", "BulkyWebRazor_Temp\BulkyWebRazor_Temp.csproj", "{170ED067-FEEF-4951-89CB-D951C761EAAA}"
EndProject
Global
	GlobalSection(SolutionConfigurationPlatforms) = preSolution
		Debug|Any CPU = Debug|Any CPU
		Release|Any CPU = Release|Any CPU
	EndGlobalSection
	GlobalSection(ProjectConfigurationPlatforms) = postSolution
		{42D5249B-9BD4-460A-B385-F8254257BA49}.Debug|Any CPU.ActiveCfg = Debug|Any CPU
		{42D5249B-9BD4-460A-B385-F8254257BA49}.Debug|Any CPU.Build.0 = Debug|Any CPU
		{42D5249B-9BD4-460A-B385-F8254257BA49}.Release|Any CPU.ActiveCfg = Release|Any CPU
		{42D5249B-9BD4-460A-B385-F8254257BA49}.Release|Any CPU.Build.0 = Release|Any CPU
		{170ED067-FEEF-4951-89CB-D951C761EAAA}.Debug|Any CPU.ActiveCfg = Debug|Any CPU
		{170ED067-FEEF-4951-89CB-D951C761EAAA}.Debug|Any CPU.Build.0 = Debug|Any CPU
		{170ED067-FEEF-4951-89CB-D951C761EAAA}.Release|Any CPU.ActiveCfg = Release|Any CPU
		{170ED067-FEEF-4951-89CB-D951C761EAAA}.Release|Any CPU.Build.0 = Release|Any CPU
	EndGlobalSection
	GlobalSection(SolutionProperties) = preSolution
		HideSolutionNode = FALSE
	EndGlobalSection
	GlobalSection(ExtensibilityGlobals) = postSolution
		SolutionGuid = {8F9EE742-191C-460F-9D2B-0FFD2075E0EF}
	EndGlobalSection
EndGlobal
